// !$*UTF8*$!
{
	archiveVersion = 1;
	classes = {
	};
	objectVersion = 46;
	objects = {

/* Begin PBXBuildFile section */
		784FABCB1EC5EA7000397E66 /* ReviewTableViewCell.swift in Sources */ = {isa = PBXBuildFile; fileRef = 784FABCA1EC5EA7000397E66 /* ReviewTableViewCell.swift */; };
		784FABCD1EC5EED600397E66 /* ReviewViewController.swift in Sources */ = {isa = PBXBuildFile; fileRef = 784FABCC1EC5EED600397E66 /* ReviewViewController.swift */; };
		784FABCF1EC5F00C00397E66 /* ReviewItemTableViewCell.swift in Sources */ = {isa = PBXBuildFile; fileRef = 784FABCE1EC5F00C00397E66 /* ReviewItemTableViewCell.swift */; };
		7877D5D61EBC09D5003A0672 /* AppDelegate.swift in Sources */ = {isa = PBXBuildFile; fileRef = 7877D5D51EBC09D5003A0672 /* AppDelegate.swift */; };
		7877D5D81EBC09D5003A0672 /* MainViewController.swift in Sources */ = {isa = PBXBuildFile; fileRef = 7877D5D71EBC09D5003A0672 /* MainViewController.swift */; };
		7877D5DD1EBC09D5003A0672 /* Assets.xcassets in Resources */ = {isa = PBXBuildFile; fileRef = 7877D5DC1EBC09D5003A0672 /* Assets.xcassets */; };
		7877D5E01EBC09D5003A0672 /* LaunchScreen.storyboard in Resources */ = {isa = PBXBuildFile; fileRef = 7877D5DE1EBC09D5003A0672 /* LaunchScreen.storyboard */; };
		7877D5EC1EBC3123003A0672 /* Cartography.framework in Frameworks */ = {isa = PBXBuildFile; fileRef = 7877D5EB1EBC3123003A0672 /* Cartography.framework */; };
		7877D5EE1EBC3137003A0672 /* Cartography.framework in CopyFiles */ = {isa = PBXBuildFile; fileRef = 7877D5EB1EBC3123003A0672 /* Cartography.framework */; settings = {ATTRIBUTES = (CodeSignOnCopy, RemoveHeadersOnCopy, ); }; };
		7877D5F01EBC38D5003A0672 /* MainTableViewCell.swift in Sources */ = {isa = PBXBuildFile; fileRef = 7877D5EF1EBC38D5003A0672 /* MainTableViewCell.swift */; };
		7877D5F81EBCAD8C003A0672 /* Lessons.swift in Sources */ = {isa = PBXBuildFile; fileRef = 7877D5F71EBCAD8C003A0672 /* Lessons.swift */; };
		7877D6001EBCDB42003A0672 /* LessonViewController.swift in Sources */ = {isa = PBXBuildFile; fileRef = 7877D5FF1EBCDB42003A0672 /* LessonViewController.swift */; };
		78F8233B1EBCEF6400D5FE49 /* AnswerViewController.swift in Sources */ = {isa = PBXBuildFile; fileRef = 78F8233A1EBCEF6400D5FE49 /* AnswerViewController.swift */; };
		78F8233D1EBCF53900D5FE49 /* Color.swift in Sources */ = {isa = PBXBuildFile; fileRef = 78F8233C1EBCF53900D5FE49 /* Color.swift */; };
/* End PBXBuildFile section */

/* Begin PBXCopyFilesBuildPhase section */
		7877D5ED1EBC312A003A0672 /* CopyFiles */ = {
			isa = PBXCopyFilesBuildPhase;
			buildActionMask = 2147483647;
			dstPath = "";
			dstSubfolderSpec = 10;
			files = (
				7877D5EE1EBC3137003A0672 /* Cartography.framework in CopyFiles */,
			);
			runOnlyForDeploymentPostprocessing = 0;
		};
/* End PBXCopyFilesBuildPhase section */

/* Begin PBXFileReference section */
		784FABCA1EC5EA7000397E66 /* ReviewTableViewCell.swift */ = {isa = PBXFileReference; fileEncoding = 4; lastKnownFileType = sourcecode.swift; path = ReviewTableViewCell.swift; sourceTree = "<group>"; };
		784FABCC1EC5EED600397E66 /* ReviewViewController.swift */ = {isa = PBXFileReference; fileEncoding = 4; lastKnownFileType = sourcecode.swift; path = ReviewViewController.swift; sourceTree = "<group>"; };
		784FABCE1EC5F00C00397E66 /* ReviewItemTableViewCell.swift */ = {isa = PBXFileReference; fileEncoding = 4; lastKnownFileType = sourcecode.swift; path = ReviewItemTableViewCell.swift; sourceTree = "<group>"; };
		7877D5D21EBC09D5003A0672 /* HelloA11y.app */ = {isa = PBXFileReference; explicitFileType = wrapper.application; includeInIndex = 0; path = HelloA11y.app; sourceTree = BUILT_PRODUCTS_DIR; };
		7877D5D51EBC09D5003A0672 /* AppDelegate.swift */ = {isa = PBXFileReference; lastKnownFileType = sourcecode.swift; path = AppDelegate.swift; sourceTree = "<group>"; };
		7877D5D71EBC09D5003A0672 /* MainViewController.swift */ = {isa = PBXFileReference; lastKnownFileType = sourcecode.swift; path = MainViewController.swift; sourceTree = "<group>"; };
		7877D5DC1EBC09D5003A0672 /* Assets.xcassets */ = {isa = PBXFileReference; lastKnownFileType = folder.assetcatalog; path = Assets.xcassets; sourceTree = "<group>"; };
		7877D5DF1EBC09D5003A0672 /* Base */ = {isa = PBXFileReference; lastKnownFileType = file.storyboard; name = Base; path = Base.lproj/LaunchScreen.storyboard; sourceTree = "<group>"; };
		7877D5E11EBC09D5003A0672 /* Info.plist */ = {isa = PBXFileReference; lastKnownFileType = text.plist.xml; path = Info.plist; sourceTree = "<group>"; };
		7877D5EB1EBC3123003A0672 /* Cartography.framework */ = {isa = PBXFileReference; lastKnownFileType = wrapper.framework; name = Cartography.framework; path = Carthage/Build/iOS/Cartography.framework; sourceTree = "<group>"; };
		7877D5EF1EBC38D5003A0672 /* MainTableViewCell.swift */ = {isa = PBXFileReference; fileEncoding = 4; lastKnownFileType = sourcecode.swift; path = MainTableViewCell.swift; sourceTree = "<group>"; };
		7877D5F71EBCAD8C003A0672 /* Lessons.swift */ = {isa = PBXFileReference; fileEncoding = 4; lastKnownFileType = sourcecode.swift; path = Lessons.swift; sourceTree = "<group>"; };
		7877D5FF1EBCDB42003A0672 /* LessonViewController.swift */ = {isa = PBXFileReference; fileEncoding = 4; lastKnownFileType = sourcecode.swift; path = LessonViewController.swift; sourceTree = "<group>"; };
		78F8233A1EBCEF6400D5FE49 /* AnswerViewController.swift */ = {isa = PBXFileReference; fileEncoding = 4; lastKnownFileType = sourcecode.swift; path = AnswerViewController.swift; sourceTree = "<group>"; };
		78F8233C1EBCF53900D5FE49 /* Color.swift */ = {isa = PBXFileReference; fileEncoding = 4; lastKnownFileType = sourcecode.swift; path = Color.swift; sourceTree = "<group>"; };
/* End PBXFileReference section */

/* Begin PBXFrameworksBuildPhase section */
		7877D5CF1EBC09D5003A0672 /* Frameworks */ = {
			isa = PBXFrameworksBuildPhase;
			buildActionMask = 2147483647;
			files = (
				7877D5EC1EBC3123003A0672 /* Cartography.framework in Frameworks */,
			);
			runOnlyForDeploymentPostprocessing = 0;
		};
/* End PBXFrameworksBuildPhase section */

/* Begin PBXGroup section */
		7877D5C91EBC09D5003A0672 = {
			isa = PBXGroup;
			children = (
				7877D5D41EBC09D5003A0672 /* HelloA11y */,
				7877D5D31EBC09D5003A0672 /* Products */,
				7877D5EA1EBC3123003A0672 /* Frameworks */,
			);
			sourceTree = "<group>";
		};
		7877D5D31EBC09D5003A0672 /* Products */ = {
			isa = PBXGroup;
			children = (
				7877D5D21EBC09D5003A0672 /* HelloA11y.app */,
			);
			name = Products;
			sourceTree = "<group>";
		};
		7877D5D41EBC09D5003A0672 /* HelloA11y */ = {
			isa = PBXGroup;
			children = (
				7877D5D51EBC09D5003A0672 /* AppDelegate.swift */,
				7877D5D71EBC09D5003A0672 /* MainViewController.swift */,
				7877D5EF1EBC38D5003A0672 /* MainTableViewCell.swift */,
				78F8233C1EBCF53900D5FE49 /* Color.swift */,
				784FABCC1EC5EED600397E66 /* ReviewViewController.swift */,
				784FABCA1EC5EA7000397E66 /* ReviewTableViewCell.swift */,
				784FABCE1EC5F00C00397E66 /* ReviewItemTableViewCell.swift */,
				7877D5FF1EBCDB42003A0672 /* LessonViewController.swift */,
				78F8233A1EBCEF6400D5FE49 /* AnswerViewController.swift */,
				7877D5F71EBCAD8C003A0672 /* Lessons.swift */,
				7877D5DC1EBC09D5003A0672 /* Assets.xcassets */,
				7877D5DE1EBC09D5003A0672 /* LaunchScreen.storyboard */,
				7877D5E11EBC09D5003A0672 /* Info.plist */,
			);
			path = HelloA11y;
			sourceTree = "<group>";
		};
		7877D5EA1EBC3123003A0672 /* Frameworks */ = {
			isa = PBXGroup;
			children = (
				7877D5EB1EBC3123003A0672 /* Cartography.framework */,
			);
			name = Frameworks;
			sourceTree = "<group>";
		};
/* End PBXGroup section */

/* Begin PBXNativeTarget section */
		7877D5D11EBC09D5003A0672 /* HelloA11y */ = {
			isa = PBXNativeTarget;
			buildConfigurationList = 7877D5E41EBC09D5003A0672 /* Build configuration list for PBXNativeTarget "HelloA11y" */;
			buildPhases = (
				7877D5CE1EBC09D5003A0672 /* Sources */,
				7877D5CF1EBC09D5003A0672 /* Frameworks */,
				7877D5D01EBC09D5003A0672 /* Resources */,
				7877D5ED1EBC312A003A0672 /* CopyFiles */,
			);
			buildRules = (
			);
			dependencies = (
			);
			name = HelloA11y;
			productName = HelloA11y;
			productReference = 7877D5D21EBC09D5003A0672 /* HelloA11y.app */;
			productType = "com.apple.product-type.application";
		};
/* End PBXNativeTarget section */

/* Begin PBXProject section */
		7877D5CA1EBC09D5003A0672 /* Project object */ = {
			isa = PBXProject;
			attributes = {
				LastSwiftUpdateCheck = 0830;
				LastUpgradeCheck = 0830;
				ORGANIZATIONNAME = "Sommer Panage";
				TargetAttributes = {
					7877D5D11EBC09D5003A0672 = {
						CreatedOnToolsVersion = 8.3.2;
						DevelopmentTeam = 54RA6DC64E;
						ProvisioningStyle = Automatic;
					};
				};
			};
			buildConfigurationList = 7877D5CD1EBC09D5003A0672 /* Build configuration list for PBXProject "HelloA11y" */;
			compatibilityVersion = "Xcode 3.2";
			developmentRegion = English;
			hasScannedForEncodings = 0;
			knownRegions = (
				en,
				Base,
			);
			mainGroup = 7877D5C91EBC09D5003A0672;
			productRefGroup = 7877D5D31EBC09D5003A0672 /* Products */;
			projectDirPath = "";
			projectRoot = "";
			targets = (
				7877D5D11EBC09D5003A0672 /* HelloA11y */,
			);
		};
/* End PBXProject section */

/* Begin PBXResourcesBuildPhase section */
		7877D5D01EBC09D5003A0672 /* Resources */ = {
			isa = PBXResourcesBuildPhase;
			buildActionMask = 2147483647;
			files = (
				7877D5E01EBC09D5003A0672 /* LaunchScreen.storyboard in Resources */,
				7877D5DD1EBC09D5003A0672 /* Assets.xcassets in Resources */,
			);
			runOnlyForDeploymentPostprocessing = 0;
		};
/* End PBXResourcesBuildPhase section */

/* Begin PBXSourcesBuildPhase section */
		7877D5CE1EBC09D5003A0672 /* Sources */ = {
			isa = PBXSourcesBuildPhase;
			buildActionMask = 2147483647;
			files = (
				784FABCF1EC5F00C00397E66 /* ReviewItemTableViewCell.swift in Sources */,
				78F8233B1EBCEF6400D5FE49 /* AnswerViewController.swift in Sources */,
				784FABCB1EC5EA7000397E66 /* ReviewTableViewCell.swift in Sources */,
				7877D5F81EBCAD8C003A0672 /* Lessons.swift in Sources */,
				7877D5D81EBC09D5003A0672 /* MainViewController.swift in Sources */,
				7877D5F01EBC38D5003A0672 /* MainTableViewCell.swift in Sources */,
				78F8233D1EBCF53900D5FE49 /* Color.swift in Sources */,
				7877D6001EBCDB42003A0672 /* LessonViewController.swift in Sources */,
				7877D5D61EBC09D5003A0672 /* AppDelegate.swift in Sources */,
				784FABCD1EC5EED600397E66 /* ReviewViewController.swift in Sources */,
			);
			runOnlyForDeploymentPostprocessing = 0;
		};
/* End PBXSourcesBuildPhase section */

/* Begin PBXVariantGroup section */
		7877D5DE1EBC09D5003A0672 /* LaunchScreen.storyboard */ = {
			isa = PBXVariantGroup;
			children = (
				7877D5DF1EBC09D5003A0672 /* Base */,
			);
			name = LaunchScreen.storyboard;
			sourceTree = "<group>";
		};
/* End PBXVariantGroup section */

/* Begin XCBuildConfiguration section */
		7877D5E21EBC09D5003A0672 /* Debug */ = {
			isa = XCBuildConfiguration;
			buildSettings = {
				ALWAYS_SEARCH_USER_PATHS = NO;
				CLANG_ANALYZER_NONNULL = YES;
				CLANG_ANALYZER_NUMBER_OBJECT_CONVERSION = YES_AGGRESSIVE;
				CLANG_CXX_LANGUAGE_STANDARD = "gnu++0x";
				CLANG_CXX_LIBRARY = "libc++";
				CLANG_ENABLE_MODULES = YES;
				CLANG_ENABLE_OBJC_ARC = YES;
				CLANG_WARN_BOOL_CONVERSION = YES;
				CLANG_WARN_CONSTANT_CONVERSION = YES;
				CLANG_WARN_DIRECT_OBJC_ISA_USAGE = YES_ERROR;
				CLANG_WARN_DOCUMENTATION_COMMENTS = YES;
				CLANG_WARN_EMPTY_BODY = YES;
				CLANG_WARN_ENUM_CONVERSION = YES;
				CLANG_WARN_INFINITE_RECURSION = YES;
				CLANG_WARN_INT_CONVERSION = YES;
				CLANG_WARN_OBJC_ROOT_CLASS = YES_ERROR;
				CLANG_WARN_SUSPICIOUS_MOVE = YES;
				CLANG_WARN_UNREACHABLE_CODE = YES;
				CLANG_WARN__DUPLICATE_METHOD_MATCH = YES;
				"CODE_SIGN_IDENTITY[sdk=iphoneos*]" = "iPhone Developer";
				COPY_PHASE_STRIP = NO;
				DEBUG_INFORMATION_FORMAT = dwarf;
				ENABLE_STRICT_OBJC_MSGSEND = YES;
				ENABLE_TESTABILITY = YES;
				GCC_C_LANGUAGE_STANDARD = gnu99;
				GCC_DYNAMIC_NO_PIC = NO;
				GCC_NO_COMMON_BLOCKS = YES;
				GCC_OPTIMIZATION_LEVEL = 0;
				GCC_PREPROCESSOR_DEFINITIONS = (
					"DEBUG=1",
					"$(inherited)",
				);
				GCC_WARN_64_TO_32_BIT_CONVERSION = YES;
				GCC_WARN_ABOUT_RETURN_TYPE = YES_ERROR;
				GCC_WARN_UNDECLARED_SELECTOR = YES;
				GCC_WARN_UNINITIALIZED_AUTOS = YES_AGGRESSIVE;
				GCC_WARN_UNUSED_FUNCTION = YES;
				GCC_WARN_UNUSED_VARIABLE = YES;
				IPHONEOS_DEPLOYMENT_TARGET = 10.3;
				MTL_ENABLE_DEBUG_INFO = YES;
				ONLY_ACTIVE_ARCH = YES;
				SDKROOT = iphoneos;
				SWIFT_ACTIVE_COMPILATION_CONDITIONS = DEBUG;
				SWIFT_OPTIMIZATION_LEVEL = "-Onone";
			};
			name = Debug;
		};
		7877D5E31EBC09D5003A0672 /* Release */ = {
			isa = XCBuildConfiguration;
			buildSettings = {
				ALWAYS_SEARCH_USER_PATHS = NO;
				CLANG_ANALYZER_NONNULL = YES;
				CLANG_ANALYZER_NUMBER_OBJECT_CONVERSION = YES_AGGRESSIVE;
				CLANG_CXX_LANGUAGE_STANDARD = "gnu++0x";
				CLANG_CXX_LIBRARY = "libc++";
				CLANG_ENABLE_MODULES = YES;
				CLANG_ENABLE_OBJC_ARC = YES;
				CLANG_WARN_BOOL_CONVERSION = YES;
				CLANG_WARN_CONSTANT_CONVERSION = YES;
				CLANG_WARN_DIRECT_OBJC_ISA_USAGE = YES_ERROR;
				CLANG_WARN_DOCUMENTATION_COMMENTS = YES;
				CLANG_WARN_EMPTY_BODY = YES;
				CLANG_WARN_ENUM_CONVERSION = YES;
				CLANG_WARN_INFINITE_RECURSION = YES;
				CLANG_WARN_INT_CONVERSION = YES;
				CLANG_WARN_OBJC_ROOT_CLASS = YES_ERROR;
				CLANG_WARN_SUSPICIOUS_MOVE = YES;
				CLANG_WARN_UNREACHABLE_CODE = YES;
				CLANG_WARN__DUPLICATE_METHOD_MATCH = YES;
				"CODE_SIGN_IDENTITY[sdk=iphoneos*]" = "iPhone Developer";
				COPY_PHASE_STRIP = NO;
				DEBUG_INFORMATION_FORMAT = "dwarf-with-dsym";
				ENABLE_NS_ASSERTIONS = NO;
				ENABLE_STRICT_OBJC_MSGSEND = YES;
				GCC_C_LANGUAGE_STANDARD = gnu99;
				GCC_NO_COMMON_BLOCKS = YES;
				GCC_WARN_64_TO_32_BIT_CONVERSION = YES;
				GCC_WARN_ABOUT_RETURN_TYPE = YES_ERROR;
				GCC_WARN_UNDECLARED_SELECTOR = YES;
				GCC_WARN_UNINITIALIZED_AUTOS = YES_AGGRESSIVE;
				GCC_WARN_UNUSED_FUNCTION = YES;
				GCC_WARN_UNUSED_VARIABLE = YES;
				IPHONEOS_DEPLOYMENT_TARGET = 10.3;
				MTL_ENABLE_DEBUG_INFO = NO;
				SDKROOT = iphoneos;
				SWIFT_OPTIMIZATION_LEVEL = "-Owholemodule";
				VALIDATE_PRODUCT = YES;
			};
			name = Release;
		};
		7877D5E51EBC09D5003A0672 /* Debug */ = {
			isa = XCBuildConfiguration;
			buildSettings = {
				ASSETCATALOG_COMPILER_APPICON_NAME = AppIcon;
				DEVELOPMENT_TEAM = 54RA6DC64E;
				FRAMEWORK_SEARCH_PATHS = (
					"$(inherited)",
					"$(PROJECT_DIR)/Carthage/Build/iOS",
				);
				INFOPLIST_FILE = HelloA11y/Info.plist;
				LD_RUNPATH_SEARCH_PATHS = "$(inherited) @executable_path/Frameworks";
				PRODUCT_BUNDLE_IDENTIFIER = com.sommerpanage.HelloA11y;
				PRODUCT_NAME = "$(TARGET_NAME)";
				SWIFT_VERSION = 3.0;
			};
			name = Debug;
		};
		7877D5E61EBC09D5003A0672 /* Release */ = {
			isa = XCBuildConfiguration;
			buildSettings = {
				ASSETCATALOG_COMPILER_APPICON_NAME = AppIcon;
				DEVELOPMENT_TEAM = 54RA6DC64E;
				FRAMEWORK_SEARCH_PATHS = (
					"$(inherited)",
					"$(PROJECT_DIR)/Carthage/Build/iOS",
				);
				INFOPLIST_FILE = HelloA11y/Info.plist;
				LD_RUNPATH_SEARCH_PATHS = "$(inherited) @executable_path/Frameworks";
				PRODUCT_BUNDLE_IDENTIFIER = com.sommerpanage.HelloA11y;
				PRODUCT_NAME = "$(TARGET_NAME)";
				SWIFT_VERSION = 3.0;
			};
			name = Release;
		};
/* End XCBuildConfiguration section */

/* Begin XCConfigurationList section */
		7877D5CD1EBC09D5003A0672 /* Build configuration list for PBXProject "HelloA11y" */ = {
			isa = XCConfigurationList;
			buildConfigurations = (
				7877D5E21EBC09D5003A0672 /* Debug */,
				7877D5E31EBC09D5003A0672 /* Release */,
			);
			defaultConfigurationIsVisible = 0;
			defaultConfigurationName = Release;
		};
		7877D5E41EBC09D5003A0672 /* Build configuration list for PBXNativeTarget "HelloA11y" */ = {
			isa = XCConfigurationList;
			buildConfigurations = (
				7877D5E51EBC09D5003A0672 /* Debug */,
				7877D5E61EBC09D5003A0672 /* Release */,
			);
			defaultConfigurationIsVisible = 0;
			defaultConfigurationName = Release;
		};
/* End XCConfigurationList section */
	};
	rootObject = 7877D5CA1EBC09D5003A0672 /* Project object */;
}
